
Microsoft Visual Studio Solution File, Format Version 12.00
# Visual Studio Version 16
VisualStudioVersion = 16.0.31205.134
MinimumVisualStudioVersion = 10.0.40219.1
Project("{9A19103F-16F7-4668-BE54-9A1E7A4F7556}") = "MyRestaurant.Presentation", "MyRestaurant\MyRestaurant.Presentation.csproj", "{E27E304A-363C-41C6-9790-0B43E1393098}"
	ProjectSection(ProjectDependencies) = postProject
		{ABE54212-C576-41B2-BB2A-C301D0714926} = {ABE54212-C576-41B2-BB2A-C301D0714926}
	EndProjectSection
EndProject
Project("{9A19103F-16F7-4668-BE54-9A1E7A4F7556}") = "MyRestaurant.DataAccess", "MyRestaurant.DataAccess\MyRestaurant.DataAccess.csproj", "{4F100873-9F2A-4ABF-A287-2CECA98659D2}"
EndProject
Project("{FAE04EC0-301F-11D3-BF4B-00C04F79EFBC}") = "MyRestaurant.BusinessLogic", "MyRestaurant.BusinessLogic\MyRestaurant.BusinessLogic.csproj", "{ABE54212-C576-41B2-BB2A-C301D0714926}"
EndProject
Global
	GlobalSection(SolutionConfigurationPlatforms) = preSolution
		Debug|Any CPU = Debug|Any CPU
		Release|Any CPU = Release|Any CPU
	EndGlobalSection
	GlobalSection(ProjectConfigurationPlatforms) = postSolution
		{E27E304A-363C-41C6-9790-0B43E1393098}.Debug|Any CPU.ActiveCfg = Debug|Any CPU
		{E27E304A-363C-41C6-9790-0B43E1393098}.Debug|Any CPU.Build.0 = Debug|Any CPU
		{E27E304A-363C-41C6-9790-0B43E1393098}.Release|Any CPU.ActiveCfg = Release|Any CPU
		{E27E304A-363C-41C6-9790-0B43E1393098}.Release|Any CPU.Build.0 = Release|Any CPU
		{4F100873-9F2A-4ABF-A287-2CECA98659D2}.Debug|Any CPU.ActiveCfg = Debug|Any CPU
		{4F100873-9F2A-4ABF-A287-2CECA98659D2}.Debug|Any CPU.Build.0 = Debug|Any CPU
		{4F100873-9F2A-4ABF-A287-2CECA98659D2}.Release|Any CPU.ActiveCfg = Release|Any CPU
		{4F100873-9F2A-4ABF-A287-2CECA98659D2}.Release|Any CPU.Build.0 = Release|Any CPU
		{ABE54212-C576-41B2-BB2A-C301D0714926}.Debug|Any CPU.ActiveCfg = Debug|Any CPU
		{ABE54212-C576-41B2-BB2A-C301D0714926}.Debug|Any CPU.Build.0 = Debug|Any CPU
		{ABE54212-C576-41B2-BB2A-C301D0714926}.Release|Any CPU.ActiveCfg = Release|Any CPU
		{ABE54212-C576-41B2-BB2A-C301D0714926}.Release|Any CPU.Build.0 = Release|Any CPU
	EndGlobalSection
	GlobalSection(SolutionProperties) = preSolution
		HideSolutionNode = FALSE
	EndGlobalSection
	GlobalSection(ExtensibilityGlobals) = postSolution
		SolutionGuid = {D6B027FD-FB6C-41E9-84A4-7C776A652623}
	EndGlobalSection
EndGlobal
